// !$*UTF8*$!
{
	archiveVersion = 1;
	classes = {
	};
	objectVersion = 55;
	objects = {

/* Begin PBXBuildFile section */
		F733B9A9274A28CC0075F9D6 /* User.json in Resources */ = {isa = PBXBuildFile; fileRef = F733B9A4274A24780075F9D6 /* User.json */; };
		F733B9AB274A30120075F9D6 /* Album.swift in Sources */ = {isa = PBXBuildFile; fileRef = F733B9AA274A30120075F9D6 /* Album.swift */; };
		F733B9AF274A30A60075F9D6 /* SearchAlbumsTests.swift in Sources */ = {isa = PBXBuildFile; fileRef = F733B9AE274A30A60075F9D6 /* SearchAlbumsTests.swift */; };
		F733B9B0274A31580075F9D6 /* Album.json in Resources */ = {isa = PBXBuildFile; fileRef = F733B9AC274A30530075F9D6 /* Album.json */; };
		F77CC74E274A349300E6E36C /* Photo.swift in Sources */ = {isa = PBXBuildFile; fileRef = F77CC74D274A349300E6E36C /* Photo.swift */; };
		F77CC750274A34C700E6E36C /* SearchPhotoTests.swift in Sources */ = {isa = PBXBuildFile; fileRef = F77CC74F274A34C700E6E36C /* SearchPhotoTests.swift */; };
		F77CC751274A34CE00E6E36C /* Photo.json in Resources */ = {isa = PBXBuildFile; fileRef = F733B9B1274A33680075F9D6 /* Photo.json */; };
		F77CC758274A3ADA00E6E36C /* UserListPresenter.swift in Sources */ = {isa = PBXBuildFile; fileRef = F77CC752274A3ADA00E6E36C /* UserListPresenter.swift */; };
		F77CC75A274A3ADA00E6E36C /* UserListRouter.swift in Sources */ = {isa = PBXBuildFile; fileRef = F77CC754274A3ADA00E6E36C /* UserListRouter.swift */; };
		F77CC75B274A3ADA00E6E36C /* UserListModels.swift in Sources */ = {isa = PBXBuildFile; fileRef = F77CC755274A3ADA00E6E36C /* UserListModels.swift */; };
		F77CC75C274A3ADA00E6E36C /* UserListViewController.swift in Sources */ = {isa = PBXBuildFile; fileRef = F77CC756274A3ADA00E6E36C /* UserListViewController.swift */; };
		F77CC75D274A3ADA00E6E36C /* UserListInteractor.swift in Sources */ = {isa = PBXBuildFile; fileRef = F77CC757274A3ADA00E6E36C /* UserListInteractor.swift */; };
		F77CC760274A420B00E6E36C /* UserCell.swift in Sources */ = {isa = PBXBuildFile; fileRef = F77CC75F274A420B00E6E36C /* UserCell.swift */; };
		F77CC763274A534F00E6E36C /* NetworkManager.swift in Sources */ = {isa = PBXBuildFile; fileRef = F77CC762274A534F00E6E36C /* NetworkManager.swift */; };
		F77CC766274A5E4400E6E36C /* UserListConfigurator.swift in Sources */ = {isa = PBXBuildFile; fileRef = F77CC765274A5E4400E6E36C /* UserListConfigurator.swift */; };
		F77CC76D274A88D800E6E36C /* PhotosPresenter.swift in Sources */ = {isa = PBXBuildFile; fileRef = F77CC767274A88D800E6E36C /* PhotosPresenter.swift */; };
		F77CC76E274A88D800E6E36C /* PhotosWorker.swift in Sources */ = {isa = PBXBuildFile; fileRef = F77CC768274A88D800E6E36C /* PhotosWorker.swift */; };
		F77CC76F274A88D800E6E36C /* PhotosRouter.swift in Sources */ = {isa = PBXBuildFile; fileRef = F77CC769274A88D800E6E36C /* PhotosRouter.swift */; };
		F77CC770274A88D800E6E36C /* PhotosModels.swift in Sources */ = {isa = PBXBuildFile; fileRef = F77CC76A274A88D800E6E36C /* PhotosModels.swift */; };
		F77CC771274A88D800E6E36C /* PhotosViewController.swift in Sources */ = {isa = PBXBuildFile; fileRef = F77CC76B274A88D800E6E36C /* PhotosViewController.swift */; };
		F77CC772274A88D800E6E36C /* PhotosInteractor.swift in Sources */ = {isa = PBXBuildFile; fileRef = F77CC76C274A88D800E6E36C /* PhotosInteractor.swift */; };
		F77CC775274A8CDB00E6E36C /* PhotoCell.swift in Sources */ = {isa = PBXBuildFile; fileRef = F77CC774274A8CDB00E6E36C /* PhotoCell.swift */; };
		F7937327274A1941004E4D6B /* AppDelegate.swift in Sources */ = {isa = PBXBuildFile; fileRef = F7937326274A1941004E4D6B /* AppDelegate.swift */; };
		F7937329274A1941004E4D6B /* SceneDelegate.swift in Sources */ = {isa = PBXBuildFile; fileRef = F7937328274A1941004E4D6B /* SceneDelegate.swift */; };
		F793732E274A1941004E4D6B /* Main.storyboard in Resources */ = {isa = PBXBuildFile; fileRef = F793732C274A1941004E4D6B /* Main.storyboard */; };
		F7937330274A1943004E4D6B /* Assets.xcassets in Resources */ = {isa = PBXBuildFile; fileRef = F793732F274A1943004E4D6B /* Assets.xcassets */; };
		F7937333274A1943004E4D6B /* LaunchScreen.storyboard in Resources */ = {isa = PBXBuildFile; fileRef = F7937331274A1943004E4D6B /* LaunchScreen.storyboard */; };
		F793735F274A1C35004E4D6B /* Extension + XCTestCase.swift in Sources */ = {isa = PBXBuildFile; fileRef = F793735E274A1C35004E4D6B /* Extension + XCTestCase.swift */; };
		F7937361274A1E11004E4D6B /* User.swift in Sources */ = {isa = PBXBuildFile; fileRef = F7937360274A1E11004E4D6B /* User.swift */; };
		F7937366274A1FA4004E4D6B /* SearchUsersTests.swift in Sources */ = {isa = PBXBuildFile; fileRef = F7937365274A1FA4004E4D6B /* SearchUsersTests.swift */; };
/* End PBXBuildFile section */

/* Begin PBXContainerItemProxy section */
		F793733A274A1943004E4D6B /* PBXContainerItemProxy */ = {
			isa = PBXContainerItemProxy;
			containerPortal = F793731B274A1941004E4D6B /* Project object */;
			proxyType = 1;
			remoteGlobalIDString = F7937322274A1941004E4D6B;
			remoteInfo = TestTask_DownloadPictures;
		};
/* End PBXContainerItemProxy section */

/* Begin PBXFileReference section */
		F733B9A4274A24780075F9D6 /* User.json */ = {isa = PBXFileReference; explicitFileType = text.json; path = User.json; sourceTree = "<group>"; };
		F733B9AA274A30120075F9D6 /* Album.swift */ = {isa = PBXFileReference; lastKnownFileType = sourcecode.swift; path = Album.swift; sourceTree = "<group>"; };
		F733B9AC274A30530075F9D6 /* Album.json */ = {isa = PBXFileReference; lastKnownFileType = text.json; path = Album.json; sourceTree = "<group>"; };
		F733B9AE274A30A60075F9D6 /* SearchAlbumsTests.swift */ = {isa = PBXFileReference; lastKnownFileType = sourcecode.swift; path = SearchAlbumsTests.swift; sourceTree = "<group>"; };
		F733B9B1274A33680075F9D6 /* Photo.json */ = {isa = PBXFileReference; lastKnownFileType = text.json; path = Photo.json; sourceTree = "<group>"; };
		F77CC74D274A349300E6E36C /* Photo.swift */ = {isa = PBXFileReference; lastKnownFileType = sourcecode.swift; path = Photo.swift; sourceTree = "<group>"; };
		F77CC74F274A34C700E6E36C /* SearchPhotoTests.swift */ = {isa = PBXFileReference; lastKnownFileType = sourcecode.swift; path = SearchPhotoTests.swift; sourceTree = "<group>"; };
		F77CC752274A3ADA00E6E36C /* UserListPresenter.swift */ = {isa = PBXFileReference; lastKnownFileType = sourcecode.swift; path = UserListPresenter.swift; sourceTree = "<group>"; };
		F77CC754274A3ADA00E6E36C /* UserListRouter.swift */ = {isa = PBXFileReference; lastKnownFileType = sourcecode.swift; path = UserListRouter.swift; sourceTree = "<group>"; };
		F77CC755274A3ADA00E6E36C /* UserListModels.swift */ = {isa = PBXFileReference; lastKnownFileType = sourcecode.swift; path = UserListModels.swift; sourceTree = "<group>"; };
		F77CC756274A3ADA00E6E36C /* UserListViewController.swift */ = {isa = PBXFileReference; lastKnownFileType = sourcecode.swift; path = UserListViewController.swift; sourceTree = "<group>"; };
		F77CC757274A3ADA00E6E36C /* UserListInteractor.swift */ = {isa = PBXFileReference; lastKnownFileType = sourcecode.swift; path = UserListInteractor.swift; sourceTree = "<group>"; };
		F77CC75F274A420B00E6E36C /* UserCell.swift */ = {isa = PBXFileReference; lastKnownFileType = sourcecode.swift; path = UserCell.swift; sourceTree = "<group>"; };
		F77CC762274A534F00E6E36C /* NetworkManager.swift */ = {isa = PBXFileReference; lastKnownFileType = sourcecode.swift; path = NetworkManager.swift; sourceTree = "<group>"; };
		F77CC765274A5E4400E6E36C /* UserListConfigurator.swift */ = {isa = PBXFileReference; lastKnownFileType = sourcecode.swift; path = UserListConfigurator.swift; sourceTree = "<group>"; };
		F77CC767274A88D800E6E36C /* PhotosPresenter.swift */ = {isa = PBXFileReference; lastKnownFileType = sourcecode.swift; path = PhotosPresenter.swift; sourceTree = "<group>"; };
		F77CC768274A88D800E6E36C /* PhotosWorker.swift */ = {isa = PBXFileReference; lastKnownFileType = sourcecode.swift; path = PhotosWorker.swift; sourceTree = "<group>"; };
		F77CC769274A88D800E6E36C /* PhotosRouter.swift */ = {isa = PBXFileReference; lastKnownFileType = sourcecode.swift; path = PhotosRouter.swift; sourceTree = "<group>"; };
		F77CC76A274A88D800E6E36C /* PhotosModels.swift */ = {isa = PBXFileReference; lastKnownFileType = sourcecode.swift; path = PhotosModels.swift; sourceTree = "<group>"; };
		F77CC76B274A88D800E6E36C /* PhotosViewController.swift */ = {isa = PBXFileReference; lastKnownFileType = sourcecode.swift; path = PhotosViewController.swift; sourceTree = "<group>"; };
		F77CC76C274A88D800E6E36C /* PhotosInteractor.swift */ = {isa = PBXFileReference; lastKnownFileType = sourcecode.swift; path = PhotosInteractor.swift; sourceTree = "<group>"; };
		F77CC774274A8CDB00E6E36C /* PhotoCell.swift */ = {isa = PBXFileReference; lastKnownFileType = sourcecode.swift; path = PhotoCell.swift; sourceTree = "<group>"; };
		F7937323274A1941004E4D6B /* TestTask_DownloadPictures.app */ = {isa = PBXFileReference; explicitFileType = wrapper.application; includeInIndex = 0; path = TestTask_DownloadPictures.app; sourceTree = BUILT_PRODUCTS_DIR; };
		F7937326274A1941004E4D6B /* AppDelegate.swift */ = {isa = PBXFileReference; lastKnownFileType = sourcecode.swift; path = AppDelegate.swift; sourceTree = "<group>"; };
		F7937328274A1941004E4D6B /* SceneDelegate.swift */ = {isa = PBXFileReference; lastKnownFileType = sourcecode.swift; path = SceneDelegate.swift; sourceTree = "<group>"; };
		F793732D274A1941004E4D6B /* Base */ = {isa = PBXFileReference; lastKnownFileType = file.storyboard; name = Base; path = Base.lproj/Main.storyboard; sourceTree = "<group>"; };
		F793732F274A1943004E4D6B /* Assets.xcassets */ = {isa = PBXFileReference; lastKnownFileType = folder.assetcatalog; path = Assets.xcassets; sourceTree = "<group>"; };
		F7937332274A1943004E4D6B /* Base */ = {isa = PBXFileReference; lastKnownFileType = file.storyboard; name = Base; path = Base.lproj/LaunchScreen.storyboard; sourceTree = "<group>"; };
		F7937334274A1943004E4D6B /* Info.plist */ = {isa = PBXFileReference; lastKnownFileType = text.plist.xml; path = Info.plist; sourceTree = "<group>"; };
		F7937339274A1943004E4D6B /* TestTask_DownloadPicturesTests.xctest */ = {isa = PBXFileReference; explicitFileType = wrapper.cfbundle; includeInIndex = 0; path = TestTask_DownloadPicturesTests.xctest; sourceTree = BUILT_PRODUCTS_DIR; };
		F793735E274A1C35004E4D6B /* Extension + XCTestCase.swift */ = {isa = PBXFileReference; lastKnownFileType = sourcecode.swift; path = "Extension + XCTestCase.swift"; sourceTree = "<group>"; };
		F7937360274A1E11004E4D6B /* User.swift */ = {isa = PBXFileReference; lastKnownFileType = sourcecode.swift; path = User.swift; sourceTree = "<group>"; };
		F7937365274A1FA4004E4D6B /* SearchUsersTests.swift */ = {isa = PBXFileReference; lastKnownFileType = sourcecode.swift; name = SearchUsersTests.swift; path = /Users/kneskoromny/Documents/SWIFT/Development/TestTask_DownloadPictures/TestTask_UnitTests/Tests/SearchUsersTests.swift; sourceTree = "<absolute>"; };
/* End PBXFileReference section */

/* Begin PBXFrameworksBuildPhase section */
		F7937320274A1941004E4D6B /* Frameworks */ = {
			isa = PBXFrameworksBuildPhase;
			buildActionMask = 2147483647;
			files = (
			);
			runOnlyForDeploymentPostprocessing = 0;
		};
		F7937336274A1943004E4D6B /* Frameworks */ = {
			isa = PBXFrameworksBuildPhase;
			buildActionMask = 2147483647;
			files = (
			);
			runOnlyForDeploymentPostprocessing = 0;
		};
/* End PBXFrameworksBuildPhase section */

/* Begin PBXGroup section */
		F77CC75E274A3AE200E6E36C /* UserListScene */ = {
			isa = PBXGroup;
			children = (
				F77CC752274A3ADA00E6E36C /* UserListPresenter.swift */,
				F77CC754274A3ADA00E6E36C /* UserListRouter.swift */,
				F77CC755274A3ADA00E6E36C /* UserListModels.swift */,
				F77CC756274A3ADA00E6E36C /* UserListViewController.swift */,
				F77CC757274A3ADA00E6E36C /* UserListInteractor.swift */,
				F77CC765274A5E4400E6E36C /* UserListConfigurator.swift */,
			);
			path = UserListScene;
			sourceTree = "<group>";
		};
		F77CC761274A420F00E6E36C /* Views */ = {
			isa = PBXGroup;
			children = (
				F77CC75F274A420B00E6E36C /* UserCell.swift */,
				F77CC774274A8CDB00E6E36C /* PhotoCell.swift */,
			);
			path = Views;
			sourceTree = "<group>";
		};
		F77CC764274A535400E6E36C /* Services */ = {
			isa = PBXGroup;
			children = (
				F77CC762274A534F00E6E36C /* NetworkManager.swift */,
			);
			path = Services;
			sourceTree = "<group>";
		};
		F77CC773274A88E200E6E36C /* PhotosScene */ = {
			isa = PBXGroup;
			children = (
				F77CC767274A88D800E6E36C /* PhotosPresenter.swift */,
				F77CC768274A88D800E6E36C /* PhotosWorker.swift */,
				F77CC769274A88D800E6E36C /* PhotosRouter.swift */,
				F77CC76A274A88D800E6E36C /* PhotosModels.swift */,
				F77CC76B274A88D800E6E36C /* PhotosViewController.swift */,
				F77CC76C274A88D800E6E36C /* PhotosInteractor.swift */,
			);
			path = PhotosScene;
			sourceTree = "<group>";
		};
		F793731A274A1941004E4D6B = {
			isa = PBXGroup;
			children = (
				F7937325274A1941004E4D6B /* TestTask_DownloadPictures */,
				F7937363274A1E91004E4D6B /* TestTask_UnitTests */,
				F7937324274A1941004E4D6B /* Products */,
			);
			sourceTree = "<group>";
		};
		F7937324274A1941004E4D6B /* Products */ = {
			isa = PBXGroup;
			children = (
				F7937323274A1941004E4D6B /* TestTask_DownloadPictures.app */,
				F7937339274A1943004E4D6B /* TestTask_DownloadPicturesTests.xctest */,
			);
			name = Products;
			sourceTree = "<group>";
		};
		F7937325274A1941004E4D6B /* TestTask_DownloadPictures */ = {
			isa = PBXGroup;
			children = (
				F77CC75E274A3AE200E6E36C /* UserListScene */,
				F77CC773274A88E200E6E36C /* PhotosScene */,
				F77CC761274A420F00E6E36C /* Views */,
				F77CC764274A535400E6E36C /* Services */,
				F7937356274A196A004E4D6B /* Supports */,
				F7937357274A1982004E4D6B /* Storyboards */,
				F793732F274A1943004E4D6B /* Assets.xcassets */,
			);
			path = TestTask_DownloadPictures;
			sourceTree = "<group>";
		};
		F793733C274A1943004E4D6B /* Tests */ = {
			isa = PBXGroup;
			children = (
				F7937365274A1FA4004E4D6B /* SearchUsersTests.swift */,
				F733B9AE274A30A60075F9D6 /* SearchAlbumsTests.swift */,
				F77CC74F274A34C700E6E36C /* SearchPhotoTests.swift */,
			);
			path = Tests;
			sourceTree = "<group>";
		};
		F7937356274A196A004E4D6B /* Supports */ = {
			isa = PBXGroup;
			children = (
				F7937326274A1941004E4D6B /* AppDelegate.swift */,
				F7937328274A1941004E4D6B /* SceneDelegate.swift */,
				F7937334274A1943004E4D6B /* Info.plist */,
			);
			path = Supports;
			sourceTree = "<group>";
		};
		F7937357274A1982004E4D6B /* Storyboards */ = {
			isa = PBXGroup;
			children = (
				F793732C274A1941004E4D6B /* Main.storyboard */,
				F7937331274A1943004E4D6B /* LaunchScreen.storyboard */,
				F7937362274A1E14004E4D6B /* Models */,
			);
			path = Storyboards;
			sourceTree = "<group>";
		};
		F793735A274A1B3E004E4D6B /* TestData */ = {
			isa = PBXGroup;
			children = (
				F733B9A4274A24780075F9D6 /* User.json */,
				F733B9AC274A30530075F9D6 /* Album.json */,
				F733B9B1274A33680075F9D6 /* Photo.json */,
			);
			path = TestData;
			sourceTree = "<group>";
		};
		F7937362274A1E14004E4D6B /* Models */ = {
			isa = PBXGroup;
			children = (
				F7937360274A1E11004E4D6B /* User.swift */,
				F733B9AA274A30120075F9D6 /* Album.swift */,
				F77CC74D274A349300E6E36C /* Photo.swift */,
			);
			path = Models;
			sourceTree = "<group>";
		};
		F7937363274A1E91004E4D6B /* TestTask_UnitTests */ = {
			isa = PBXGroup;
			children = (
				F793733C274A1943004E4D6B /* Tests */,
				F793735A274A1B3E004E4D6B /* TestData */,
				F7937364274A1EC5004E4D6B /* Extensions */,
			);
			path = TestTask_UnitTests;
			sourceTree = "<group>";
		};
		F7937364274A1EC5004E4D6B /* Extensions */ = {
			isa = PBXGroup;
			children = (
				F793735E274A1C35004E4D6B /* Extension + XCTestCase.swift */,
			);
			path = Extensions;
			sourceTree = "<group>";
		};
/* End PBXGroup section */

/* Begin PBXNativeTarget section */
		F7937322274A1941004E4D6B /* TestTask_DownloadPictures */ = {
			isa = PBXNativeTarget;
			buildConfigurationList = F793734D274A1943004E4D6B /* Build configuration list for PBXNativeTarget "TestTask_DownloadPictures" */;
			buildPhases = (
				F793731F274A1941004E4D6B /* Sources */,
				F7937320274A1941004E4D6B /* Frameworks */,
				F7937321274A1941004E4D6B /* Resources */,
			);
			buildRules = (
			);
			dependencies = (
			);
			name = TestTask_DownloadPictures;
			productName = TestTask_DownloadPictures;
			productReference = F7937323274A1941004E4D6B /* TestTask_DownloadPictures.app */;
			productType = "com.apple.product-type.application";
		};
		F7937338274A1943004E4D6B /* TestTask_DownloadPicturesTests */ = {
			isa = PBXNativeTarget;
			buildConfigurationList = F7937350274A1943004E4D6B /* Build configuration list for PBXNativeTarget "TestTask_DownloadPicturesTests" */;
			buildPhases = (
				F7937335274A1943004E4D6B /* Sources */,
				F7937336274A1943004E4D6B /* Frameworks */,
				F7937337274A1943004E4D6B /* Resources */,
			);
			buildRules = (
			);
			dependencies = (
				F793733B274A1943004E4D6B /* PBXTargetDependency */,
			);
			name = TestTask_DownloadPicturesTests;
			productName = TestTask_DownloadPicturesTests;
			productReference = F7937339274A1943004E4D6B /* TestTask_DownloadPicturesTests.xctest */;
			productType = "com.apple.product-type.bundle.unit-test";
		};
/* End PBXNativeTarget section */

/* Begin PBXProject section */
		F793731B274A1941004E4D6B /* Project object */ = {
			isa = PBXProject;
			attributes = {
				BuildIndependentTargetsInParallel = 1;
				LastSwiftUpdateCheck = 1300;
				LastUpgradeCheck = 1300;
				TargetAttributes = {
					F7937322274A1941004E4D6B = {
						CreatedOnToolsVersion = 13.0;
					};
					F7937338274A1943004E4D6B = {
						CreatedOnToolsVersion = 13.0;
						TestTargetID = F7937322274A1941004E4D6B;
					};
				};
			};
			buildConfigurationList = F793731E274A1941004E4D6B /* Build configuration list for PBXProject "TestTask_DownloadPictures" */;
			compatibilityVersion = "Xcode 13.0";
			developmentRegion = en;
			hasScannedForEncodings = 0;
			knownRegions = (
				en,
				Base,
			);
			mainGroup = F793731A274A1941004E4D6B;
			productRefGroup = F7937324274A1941004E4D6B /* Products */;
			projectDirPath = "";
			projectRoot = "";
			targets = (
				F7937322274A1941004E4D6B /* TestTask_DownloadPictures */,
				F7937338274A1943004E4D6B /* TestTask_DownloadPicturesTests */,
			);
		};
/* End PBXProject section */

/* Begin PBXResourcesBuildPhase section */
		F7937321274A1941004E4D6B /* Resources */ = {
			isa = PBXResourcesBuildPhase;
			buildActionMask = 2147483647;
			files = (
				F7937333274A1943004E4D6B /* LaunchScreen.storyboard in Resources */,
				F7937330274A1943004E4D6B /* Assets.xcassets in Resources */,
				F793732E274A1941004E4D6B /* Main.storyboard in Resources */,
			);
			runOnlyForDeploymentPostprocessing = 0;
		};
		F7937337274A1943004E4D6B /* Resources */ = {
			isa = PBXResourcesBuildPhase;
			buildActionMask = 2147483647;
			files = (
				F733B9A9274A28CC0075F9D6 /* User.json in Resources */,
				F77CC751274A34CE00E6E36C /* Photo.json in Resources */,
				F733B9B0274A31580075F9D6 /* Album.json in Resources */,
			);
			runOnlyForDeploymentPostprocessing = 0;
		};
/* End PBXResourcesBuildPhase section */

/* Begin PBXSourcesBuildPhase section */
		F793731F274A1941004E4D6B /* Sources */ = {
			isa = PBXSourcesBuildPhase;
			buildActionMask = 2147483647;
			files = (
				F77CC75A274A3ADA00E6E36C /* UserListRouter.swift in Sources */,
				F77CC75D274A3ADA00E6E36C /* UserListInteractor.swift in Sources */,
				F77CC772274A88D800E6E36C /* PhotosInteractor.swift in Sources */,
				F77CC75C274A3ADA00E6E36C /* UserListViewController.swift in Sources */,
				F77CC763274A534F00E6E36C /* NetworkManager.swift in Sources */,
				F77CC74E274A349300E6E36C /* Photo.swift in Sources */,
				F77CC76D274A88D800E6E36C /* PhotosPresenter.swift in Sources */,
				F7937361274A1E11004E4D6B /* User.swift in Sources */,
				F77CC76E274A88D800E6E36C /* PhotosWorker.swift in Sources */,
				F77CC758274A3ADA00E6E36C /* UserListPresenter.swift in Sources */,
				F77CC771274A88D800E6E36C /* PhotosViewController.swift in Sources */,
				F7937327274A1941004E4D6B /* AppDelegate.swift in Sources */,
				F77CC760274A420B00E6E36C /* UserCell.swift in Sources */,
				F77CC76F274A88D800E6E36C /* PhotosRouter.swift in Sources */,
				F7937329274A1941004E4D6B /* SceneDelegate.swift in Sources */,
				F77CC770274A88D800E6E36C /* PhotosModels.swift in Sources */,
				F77CC775274A8CDB00E6E36C /* PhotoCell.swift in Sources */,
				F77CC75B274A3ADA00E6E36C /* UserListModels.swift in Sources */,
				F77CC766274A5E4400E6E36C /* UserListConfigurator.swift in Sources */,
				F733B9AB274A30120075F9D6 /* Album.swift in Sources */,
			);
			runOnlyForDeploymentPostprocessing = 0;
		};
		F7937335274A1943004E4D6B /* Sources */ = {
			isa = PBXSourcesBuildPhase;
			buildActionMask = 2147483647;
			files = (
				F7937366274A1FA4004E4D6B /* SearchUsersTests.swift in Sources */,
				F77CC750274A34C700E6E36C /* SearchPhotoTests.swift in Sources */,
				F793735F274A1C35004E4D6B /* Extension + XCTestCase.swift in Sources */,
				F733B9AF274A30A60075F9D6 /* SearchAlbumsTests.swift in Sources */,
			);
			runOnlyForDeploymentPostprocessing = 0;
		};
/* End PBXSourcesBuildPhase section */

/* Begin PBXTargetDependency section */
		F793733B274A1943004E4D6B /* PBXTargetDependency */ = {
			isa = PBXTargetDependency;
			target = F7937322274A1941004E4D6B /* TestTask_DownloadPictures */;
			targetProxy = F793733A274A1943004E4D6B /* PBXContainerItemProxy */;
		};
/* End PBXTargetDependency section */

/* Begin PBXVariantGroup section */
		F793732C274A1941004E4D6B /* Main.storyboard */ = {
			isa = PBXVariantGroup;
			children = (
				F793732D274A1941004E4D6B /* Base */,
			);
			name = Main.storyboard;
			sourceTree = "<group>";
		};
		F7937331274A1943004E4D6B /* LaunchScreen.storyboard */ = {
			isa = PBXVariantGroup;
			children = (
				F7937332274A1943004E4D6B /* Base */,
			);
			name = LaunchScreen.storyboard;
			sourceTree = "<group>";
		};
/* End PBXVariantGroup section */

/* Begin XCBuildConfiguration section */
		F793734B274A1943004E4D6B /* Debug */ = {
			isa = XCBuildConfiguration;
			buildSettings = {
				ALWAYS_SEARCH_USER_PATHS = NO;
				CLANG_ANALYZER_NONNULL = YES;
				CLANG_ANALYZER_NUMBER_OBJECT_CONVERSION = YES_AGGRESSIVE;
				CLANG_CXX_LANGUAGE_STANDARD = "gnu++17";
				CLANG_CXX_LIBRARY = "libc++";
				CLANG_ENABLE_MODULES = YES;
				CLANG_ENABLE_OBJC_ARC = YES;
				CLANG_ENABLE_OBJC_WEAK = YES;
				CLANG_WARN_BLOCK_CAPTURE_AUTORELEASING = YES;
				CLANG_WARN_BOOL_CONVERSION = YES;
				CLANG_WARN_COMMA = YES;
				CLANG_WARN_CONSTANT_CONVERSION = YES;
				CLANG_WARN_DEPRECATED_OBJC_IMPLEMENTATIONS = YES;
				CLANG_WARN_DIRECT_OBJC_ISA_USAGE = YES_ERROR;
				CLANG_WARN_DOCUMENTATION_COMMENTS = YES;
				CLANG_WARN_EMPTY_BODY = YES;
				CLANG_WARN_ENUM_CONVERSION = YES;
				CLANG_WARN_INFINITE_RECURSION = YES;
				CLANG_WARN_INT_CONVERSION = YES;
				CLANG_WARN_NON_LITERAL_NULL_CONVERSION = YES;
				CLANG_WARN_OBJC_IMPLICIT_RETAIN_SELF = YES;
				CLANG_WARN_OBJC_LITERAL_CONVERSION = YES;
				CLANG_WARN_OBJC_ROOT_CLASS = YES_ERROR;
				CLANG_WARN_QUOTED_INCLUDE_IN_FRAMEWORK_HEADER = YES;
				CLANG_WARN_RANGE_LOOP_ANALYSIS = YES;
				CLANG_WARN_STRICT_PROTOTYPES = YES;
				CLANG_WARN_SUSPICIOUS_MOVE = YES;
				CLANG_WARN_UNGUARDED_AVAILABILITY = YES_AGGRESSIVE;
				CLANG_WARN_UNREACHABLE_CODE = YES;
				CLANG_WARN__DUPLICATE_METHOD_MATCH = YES;
				COPY_PHASE_STRIP = NO;
				DEBUG_INFORMATION_FORMAT = dwarf;
				ENABLE_STRICT_OBJC_MSGSEND = YES;
				ENABLE_TESTABILITY = YES;
				GCC_C_LANGUAGE_STANDARD = gnu11;
				GCC_DYNAMIC_NO_PIC = NO;
				GCC_NO_COMMON_BLOCKS = YES;
				GCC_OPTIMIZATION_LEVEL = 0;
				GCC_PREPROCESSOR_DEFINITIONS = (
					"DEBUG=1",
					"$(inherited)",
				);
				GCC_WARN_64_TO_32_BIT_CONVERSION = YES;
				GCC_WARN_ABOUT_RETURN_TYPE = YES_ERROR;
				GCC_WARN_UNDECLARED_SELECTOR = YES;
				GCC_WARN_UNINITIALIZED_AUTOS = YES_AGGRESSIVE;
				GCC_WARN_UNUSED_FUNCTION = YES;
				GCC_WARN_UNUSED_VARIABLE = YES;
				IPHONEOS_DEPLOYMENT_TARGET = 15.0;
				MTL_ENABLE_DEBUG_INFO = INCLUDE_SOURCE;
				MTL_FAST_MATH = YES;
				ONLY_ACTIVE_ARCH = YES;
				SDKROOT = iphoneos;
				SWIFT_ACTIVE_COMPILATION_CONDITIONS = DEBUG;
				SWIFT_OPTIMIZATION_LEVEL = "-Onone";
			};
			name = Debug;
		};
		F793734C274A1943004E4D6B /* Release */ = {
			isa = XCBuildConfiguration;
			buildSettings = {
				ALWAYS_SEARCH_USER_PATHS = NO;
				CLANG_ANALYZER_NONNULL = YES;
				CLANG_ANALYZER_NUMBER_OBJECT_CONVERSION = YES_AGGRESSIVE;
				CLANG_CXX_LANGUAGE_STANDARD = "gnu++17";
				CLANG_CXX_LIBRARY = "libc++";
				CLANG_ENABLE_MODULES = YES;
				CLANG_ENABLE_OBJC_ARC = YES;
				CLANG_ENABLE_OBJC_WEAK = YES;
				CLANG_WARN_BLOCK_CAPTURE_AUTORELEASING = YES;
				CLANG_WARN_BOOL_CONVERSION = YES;
				CLANG_WARN_COMMA = YES;
				CLANG_WARN_CONSTANT_CONVERSION = YES;
				CLANG_WARN_DEPRECATED_OBJC_IMPLEMENTATIONS = YES;
				CLANG_WARN_DIRECT_OBJC_ISA_USAGE = YES_ERROR;
				CLANG_WARN_DOCUMENTATION_COMMENTS = YES;
				CLANG_WARN_EMPTY_BODY = YES;
				CLANG_WARN_ENUM_CONVERSION = YES;
				CLANG_WARN_INFINITE_RECURSION = YES;
				CLANG_WARN_INT_CONVERSION = YES;
				CLANG_WARN_NON_LITERAL_NULL_CONVERSION = YES;
				CLANG_WARN_OBJC_IMPLICIT_RETAIN_SELF = YES;
				CLANG_WARN_OBJC_LITERAL_CONVERSION = YES;
				CLANG_WARN_OBJC_ROOT_CLASS = YES_ERROR;
				CLANG_WARN_QUOTED_INCLUDE_IN_FRAMEWORK_HEADER = YES;
				CLANG_WARN_RANGE_LOOP_ANALYSIS = YES;
				CLANG_WARN_STRICT_PROTOTYPES = YES;
				CLANG_WARN_SUSPICIOUS_MOVE = YES;
				CLANG_WARN_UNGUARDED_AVAILABILITY = YES_AGGRESSIVE;
				CLANG_WARN_UNREACHABLE_CODE = YES;
				CLANG_WARN__DUPLICATE_METHOD_MATCH = YES;
				COPY_PHASE_STRIP = NO;
				DEBUG_INFORMATION_FORMAT = "dwarf-with-dsym";
				ENABLE_NS_ASSERTIONS = NO;
				ENABLE_STRICT_OBJC_MSGSEND = YES;
				GCC_C_LANGUAGE_STANDARD = gnu11;
				GCC_NO_COMMON_BLOCKS = YES;
				GCC_WARN_64_TO_32_BIT_CONVERSION = YES;
				GCC_WARN_ABOUT_RETURN_TYPE = YES_ERROR;
				GCC_WARN_UNDECLARED_SELECTOR = YES;
				GCC_WARN_UNINITIALIZED_AUTOS = YES_AGGRESSIVE;
				GCC_WARN_UNUSED_FUNCTION = YES;
				GCC_WARN_UNUSED_VARIABLE = YES;
				IPHONEOS_DEPLOYMENT_TARGET = 15.0;
				MTL_ENABLE_DEBUG_INFO = NO;
				MTL_FAST_MATH = YES;
				SDKROOT = iphoneos;
				SWIFT_COMPILATION_MODE = wholemodule;
				SWIFT_OPTIMIZATION_LEVEL = "-O";
				VALIDATE_PRODUCT = YES;
			};
			name = Release;
		};
		F793734E274A1943004E4D6B /* Debug */ = {
			isa = XCBuildConfiguration;
			buildSettings = {
				ASSETCATALOG_COMPILER_APPICON_NAME = AppIcon;
				ASSETCATALOG_COMPILER_GLOBAL_ACCENT_COLOR_NAME = AccentColor;
				CODE_SIGN_STYLE = Automatic;
				CURRENT_PROJECT_VERSION = 1;
				DEVELOPMENT_TEAM = TB5VXYZS9X;
				GENERATE_INFOPLIST_FILE = YES;
				INFOPLIST_FILE = TestTask_DownloadPictures/Supports/Info.plist;
				INFOPLIST_KEY_UIApplicationSupportsIndirectInputEvents = YES;
				INFOPLIST_KEY_UILaunchStoryboardName = LaunchScreen;
				INFOPLIST_KEY_UIMainStoryboardFile = Main;
				INFOPLIST_KEY_UISupportedInterfaceOrientations = UIInterfaceOrientationPortrait;
				INFOPLIST_KEY_UISupportedInterfaceOrientations_iPad = "UIInterfaceOrientationPortrait UIInterfaceOrientationPortraitUpsideDown UIInterfaceOrientationLandscapeLeft UIInterfaceOrientationLandscapeRight";
				INFOPLIST_KEY_UISupportedInterfaceOrientations_iPhone = "UIInterfaceOrientationPortrait UIInterfaceOrientationLandscapeLeft UIInterfaceOrientationLandscapeRight";
				IPHONEOS_DEPLOYMENT_TARGET = 14.0;
				LD_RUNPATH_SEARCH_PATHS = (
					"$(inherited)",
					"@executable_path/Frameworks",
				);
				MARKETING_VERSION = 1.0;
				PRODUCT_BUNDLE_IDENTIFIER = "com.learnSwift.TestTask-DownloadPictures";
				PRODUCT_NAME = "$(TARGET_NAME)";
				SWIFT_EMIT_LOC_STRINGS = YES;
				SWIFT_VERSION = 5.0;
				TARGETED_DEVICE_FAMILY = 1;
			};
			name = Debug;
		};
		F793734F274A1943004E4D6B /* Release */ = {
			isa = XCBuildConfiguration;
			buildSettings = {
				ASSETCATALOG_COMPILER_APPICON_NAME = AppIcon;
				ASSETCATALOG_COMPILER_GLOBAL_ACCENT_COLOR_NAME = AccentColor;
				CODE_SIGN_STYLE = Automatic;
				CURRENT_PROJECT_VERSION = 1;
				DEVELOPMENT_TEAM = TB5VXYZS9X;
				GENERATE_INFOPLIST_FILE = YES;
				INFOPLIST_FILE = TestTask_DownloadPictures/Supports/Info.plist;
				INFOPLIST_KEY_UIApplicationSupportsIndirectInputEvents = YES;
				INFOPLIST_KEY_UILaunchStoryboardName = LaunchScreen;
				INFOPLIST_KEY_UIMainStoryboardFile = Main;
				INFOPLIST_KEY_UISupportedInterfaceOrientations = UIInterfaceOrientationPortrait;
				INFOPLIST_KEY_UISupportedInterfaceOrientations_iPad = "UIInterfaceOrientationPortrait UIInterfaceOrientationPortraitUpsideDown UIInterfaceOrientationLandscapeLeft UIInterfaceOrientationLandscapeRight";
				INFOPLIST_KEY_UISupportedInterfaceOrientations_iPhone = "UIInterfaceOrientationPortrait UIInterfaceOrientationLandscapeLeft UIInterfaceOrientationLandscapeRight";
				IPHONEOS_DEPLOYMENT_TARGET = 14.0;
				LD_RUNPATH_SEARCH_PATHS = (
					"$(inherited)",
					"@executable_path/Frameworks",
				);
				MARKETING_VERSION = 1.0;
				PRODUCT_BUNDLE_IDENTIFIER = "com.learnSwift.TestTask-DownloadPictures";
				PRODUCT_NAME = "$(TARGET_NAME)";
				SWIFT_EMIT_LOC_STRINGS = YES;
				SWIFT_VERSION = 5.0;
				TARGETED_DEVICE_FAMILY = 1;
			};
			name = Release;
		};
		F7937351274A1943004E4D6B /* Debug */ = {
			isa = XCBuildConfiguration;
			buildSettings = {
				ALWAYS_EMBED_SWIFT_STANDARD_LIBRARIES = YES;
				BUNDLE_LOADER = "$(TEST_HOST)";
				CODE_SIGN_STYLE = Automatic;
				CURRENT_PROJECT_VERSION = 1;
				DEVELOPMENT_TEAM = TB5VXYZS9X;
				GENERATE_INFOPLIST_FILE = YES;
				IPHONEOS_DEPLOYMENT_TARGET = 15.0;
				LD_RUNPATH_SEARCH_PATHS = (
					"$(inherited)",
					"@executable_path/Frameworks",
					"@loader_path/Frameworks",
				);
				MARKETING_VERSION = 1.0;
				PRODUCT_BUNDLE_IDENTIFIER = "com.learnSwift.TestTask-DownloadPicturesTests";
				PRODUCT_NAME = "$(TARGET_NAME)";
				SWIFT_EMIT_LOC_STRINGS = NO;
				SWIFT_VERSION = 5.0;
				TARGETED_DEVICE_FAMILY = "1,2";
				TEST_HOST = "$(BUILT_PRODUCTS_DIR)/TestTask_DownloadPictures.app/TestTask_DownloadPictures";
			};
			name = Debug;
		};
		F7937352274A1943004E4D6B /* Release */ = {
			isa = XCBuildConfiguration;
			buildSettings = {
				ALWAYS_EMBED_SWIFT_STANDARD_LIBRARIES = YES;
				BUNDLE_LOADER = "$(TEST_HOST)";
				CODE_SIGN_STYLE = Automatic;
				CURRENT_PROJECT_VERSION = 1;
				DEVELOPMENT_TEAM = TB5VXYZS9X;
				GENERATE_INFOPLIST_FILE = YES;
				IPHONEOS_DEPLOYMENT_TARGET = 15.0;
				LD_RUNPATH_SEARCH_PATHS = (
					"$(inherited)",
					"@executable_path/Frameworks",
					"@loader_path/Frameworks",
				);
				MARKETING_VERSION = 1.0;
				PRODUCT_BUNDLE_IDENTIFIER = "com.learnSwift.TestTask-DownloadPicturesTests";
				PRODUCT_NAME = "$(TARGET_NAME)";
				SWIFT_EMIT_LOC_STRINGS = NO;
				SWIFT_VERSION = 5.0;
				TARGETED_DEVICE_FAMILY = "1,2";
				TEST_HOST = "$(BUILT_PRODUCTS_DIR)/TestTask_DownloadPictures.app/TestTask_DownloadPictures";
			};
			name = Release;
		};
/* End XCBuildConfiguration section */

/* Begin XCConfigurationList section */
		F793731E274A1941004E4D6B /* Build configuration list for PBXProject "TestTask_DownloadPictures" */ = {
			isa = XCConfigurationList;
			buildConfigurations = (
				F793734B274A1943004E4D6B /* Debug */,
				F793734C274A1943004E4D6B /* Release */,
			);
			defaultConfigurationIsVisible = 0;
			defaultConfigurationName = Release;
		};
		F793734D274A1943004E4D6B /* Build configuration list for PBXNativeTarget "TestTask_DownloadPictures" */ = {
			isa = XCConfigurationList;
			buildConfigurations = (
				F793734E274A1943004E4D6B /* Debug */,
				F793734F274A1943004E4D6B /* Release */,
			);
			defaultConfigurationIsVisible = 0;
			defaultConfigurationName = Release;
		};
		F7937350274A1943004E4D6B /* Build configuration list for PBXNativeTarget "TestTask_DownloadPicturesTests" */ = {
			isa = XCConfigurationList;
			buildConfigurations = (
				F7937351274A1943004E4D6B /* Debug */,
				F7937352274A1943004E4D6B /* Release */,
			);
			defaultConfigurationIsVisible = 0;
			defaultConfigurationName = Release;
		};
/* End XCConfigurationList section */
	};
	rootObject = F793731B274A1941004E4D6B /* Project object */;
}
